
Microsoft Visual Studio Solution File, Format Version 12.00
# Visual Studio Version 17
VisualStudioVersion = 17.2.32519.379
MinimumVisualStudioVersion = 10.0.40219.1
Project("{FAE04EC0-301F-11D3-BF4B-00C04F79EFBC}") = "MatchingPairsGame", "MatchingPairsGame\MatchingPairsGame.csproj", "{7C7CBE15-1BAA-4A10-BEC5-12EFE245802C}"
EndProject
Global
	GlobalSection(SolutionConfigurationPlatforms) = preSolution
		Debug|Any CPU = Debug|Any CPU
		Release|Any CPU = Release|Any CPU
	EndGlobalSection
	GlobalSection(ProjectConfigurationPlatforms) = postSolution
		{7C7CBE15-1BAA-4A10-BEC5-12EFE245802C}.Debug|Any CPU.ActiveCfg = Debug|Any CPU
		{7C7CBE15-1BAA-4A10-BEC5-12EFE245802C}.Debug|Any CPU.Build.0 = Debug|Any CPU
		{7C7CBE15-1BAA-4A10-BEC5-12EFE245802C}.Release|Any CPU.ActiveCfg = Release|Any CPU
		{7C7CBE15-1BAA-4A10-BEC5-12EFE245802C}.Release|Any CPU.Build.0 = Release|Any CPU
	EndGlobalSection
	GlobalSection(SolutionProperties) = preSolution
		HideSolutionNode = FALSE
	EndGlobalSection
	GlobalSection(ExtensibilityGlobals) = postSolution
		SolutionGuid = {228766A6-D3D2-4088-BCC7-9044833FA401}
	EndGlobalSection
EndGlobal
